
Microsoft Visual Studio Solution File, Format Version 12.00
Project("{FAE04EC0-301F-11D3-BF4B-00C04F79EFBC}") = "IlliaUlianych_APB_TZ", "IlliaUlianych_APB_TZ.csproj", "{5FF7BE46-7684-4B3B-9DDB-BD1940AA51A0}"
EndProject
Project("{FAE04EC0-301F-11D3-BF4B-00C04F79EFBC}") = "IlliaUlianych_APB_TZ.Tests", "IlliaUlianych_APB_TZ.Tests\IlliaUlianych_APB_TZ.Tests.csproj", "{BB0E58A8-0762-4892-BE46-22205F393D69}"
EndProject
Global
	GlobalSection(SolutionConfigurationPlatforms) = preSolution
		Debug|Any CPU = Debug|Any CPU
		Release|Any CPU = Release|Any CPU
	EndGlobalSection
	GlobalSection(ProjectConfigurationPlatforms) = postSolution
		{5FF7BE46-7684-4B3B-9DDB-BD1940AA51A0}.Debug|Any CPU.ActiveCfg = Debug|Any CPU
		{5FF7BE46-7684-4B3B-9DDB-BD1940AA51A0}.Debug|Any CPU.Build.0 = Debug|Any CPU
		{5FF7BE46-7684-4B3B-9DDB-BD1940AA51A0}.Release|Any CPU.ActiveCfg = Release|Any CPU
		{5FF7BE46-7684-4B3B-9DDB-BD1940AA51A0}.Release|Any CPU.Build.0 = Release|Any CPU
		{BB0E58A8-0762-4892-BE46-22205F393D69}.Debug|Any CPU.ActiveCfg = Debug|Any CPU
		{BB0E58A8-0762-4892-BE46-22205F393D69}.Debug|Any CPU.Build.0 = Debug|Any CPU
		{BB0E58A8-0762-4892-BE46-22205F393D69}.Release|Any CPU.ActiveCfg = Release|Any CPU
		{BB0E58A8-0762-4892-BE46-22205F393D69}.Release|Any CPU.Build.0 = Release|Any CPU
	EndGlobalSection
EndGlobal
